
Microsoft Visual Studio Solution File, Format Version 12.00
# Visual Studio 15
VisualStudioVersion = 15.0.27004.2009
MinimumVisualStudioVersion = 10.0.40219.1
Project("{2150E333-8FDC-42A3-9474-1A3956D46DE8}") = "test", "test", "{3C09528C-4725-462D-B04C-FAD34886723E}"
EndProject
Project("{2150E333-8FDC-42A3-9474-1A3956D46DE8}") = "UserInterface", "UserInterface", "{5DD1DCDB-ADD4-4A4F-BC43-AA63AB93844F}"
EndProject
Project("{9A19103F-16F7-4668-BE54-9A1E7A4F7556}") = "Zop.Application", "Src\Zop.Application\Zop.Application.csproj", "{B0AD288E-C588-4577-A58F-E0722112FB76}"
EndProject
Project("{9A19103F-16F7-4668-BE54-9A1E7A4F7556}") = "Zop.Identity", "Src\Zop.Identity\Zop.Identity.csproj", "{C35990A3-9884-45EC-A4E1-EE10EA0A8CEA}"
EndProject
Project("{9A19103F-16F7-4668-BE54-9A1E7A4F7556}") = "Zop.Identity.Server", "Src\Zop.Identity.Server\Zop.Identity.Server.csproj", "{F1306C58-5C73-4147-8B46-C06B20750ABC}"
EndProject
Project("{9A19103F-16F7-4668-BE54-9A1E7A4F7556}") = "Zop.Repositories", "Src\Zop.Repositories\Zop.Repositories.csproj", "{AB9ECC39-1C3C-4A47-9616-4DF920BDF055}"
EndProject
Project("{9A19103F-16F7-4668-BE54-9A1E7A4F7556}") = "Zop.IdentityCenter", "UserInterface\Zop.IdentityCenter\Zop.IdentityCenter.csproj", "{D31B3A19-002A-49EC-A41B-A5113D47BDC1}"
EndProject
Project("{9A19103F-16F7-4668-BE54-9A1E7A4F7556}") = "Zop.Repositories.Test", "Test\Zop.Repositories.Test\Zop.Repositories.Test.csproj", "{5BA5F6D3-1DEF-482E-B2ED-EAADEFE6E6E6}"
EndProject
Project("{9A19103F-16F7-4668-BE54-9A1E7A4F7556}") = "Zop.Identity.Test", "Test\Zop.Identity.Test\Zop.Identity.Test.csproj", "{0084A91C-86EB-437D-AD66-77447AB868A6}"
EndProject
Project("{2150E333-8FDC-42A3-9474-1A3956D46DE8}") = "src", "src", "{B5CC6988-75B7-4FC7-A2DA-425EEA6EEAA5}"
EndProject
Project("{2150E333-8FDC-42A3-9474-1A3956D46DE8}") = "Samples", "Samples", "{5EDA1AFF-26C7-4EAB-A722-13F00240BE55}"
EndProject
Project("{9A19103F-16F7-4668-BE54-9A1E7A4F7556}") = "Web_Api", "Samples\Web_Api\Web_Api.csproj", "{674C37DB-6DB1-40D5-8092-DA6F2EDC5244}"
EndProject
Project("{9A19103F-16F7-4668-BE54-9A1E7A4F7556}") = "Web_Account", "Samples\Web_Account\Web_Account.csproj", "{4BC4939E-E2E3-4A49-A4EB-55D58539100D}"
EndProject
Project("{9A19103F-16F7-4668-BE54-9A1E7A4F7556}") = "Zop.IdentityCenter.Test", "test\Zop.IdentityCenter.Test\Zop.IdentityCenter.Test.csproj", "{EE9B79B4-669F-4357-8FFD-9B09CE2F537C}"
EndProject
Project("{9A19103F-16F7-4668-BE54-9A1E7A4F7556}") = "Zop.Domain", "src\Zop.Domain\Zop.Domain.csproj", "{5A118CD6-65BC-4A9A-86A5-FC7517C83247}"
EndProject
Global
	GlobalSection(SolutionConfigurationPlatforms) = preSolution
		Debug|Any CPU = Debug|Any CPU
		Release|Any CPU = Release|Any CPU
	EndGlobalSection
	GlobalSection(ProjectConfigurationPlatforms) = postSolution
		{B0AD288E-C588-4577-A58F-E0722112FB76}.Debug|Any CPU.ActiveCfg = Debug|Any CPU
		{B0AD288E-C588-4577-A58F-E0722112FB76}.Debug|Any CPU.Build.0 = Debug|Any CPU
		{B0AD288E-C588-4577-A58F-E0722112FB76}.Release|Any CPU.ActiveCfg = Release|Any CPU
		{B0AD288E-C588-4577-A58F-E0722112FB76}.Release|Any CPU.Build.0 = Release|Any CPU
		{C35990A3-9884-45EC-A4E1-EE10EA0A8CEA}.Debug|Any CPU.ActiveCfg = Debug|Any CPU
		{C35990A3-9884-45EC-A4E1-EE10EA0A8CEA}.Debug|Any CPU.Build.0 = Debug|Any CPU
		{C35990A3-9884-45EC-A4E1-EE10EA0A8CEA}.Release|Any CPU.ActiveCfg = Release|Any CPU
		{C35990A3-9884-45EC-A4E1-EE10EA0A8CEA}.Release|Any CPU.Build.0 = Release|Any CPU
		{F1306C58-5C73-4147-8B46-C06B20750ABC}.Debug|Any CPU.ActiveCfg = Debug|Any CPU
		{F1306C58-5C73-4147-8B46-C06B20750ABC}.Debug|Any CPU.Build.0 = Debug|Any CPU
		{F1306C58-5C73-4147-8B46-C06B20750ABC}.Release|Any CPU.ActiveCfg = Release|Any CPU
		{F1306C58-5C73-4147-8B46-C06B20750ABC}.Release|Any CPU.Build.0 = Release|Any CPU
		{AB9ECC39-1C3C-4A47-9616-4DF920BDF055}.Debug|Any CPU.ActiveCfg = Debug|Any CPU
		{AB9ECC39-1C3C-4A47-9616-4DF920BDF055}.Debug|Any CPU.Build.0 = Debug|Any CPU
		{AB9ECC39-1C3C-4A47-9616-4DF920BDF055}.Release|Any CPU.ActiveCfg = Release|Any CPU
		{AB9ECC39-1C3C-4A47-9616-4DF920BDF055}.Release|Any CPU.Build.0 = Release|Any CPU
		{D31B3A19-002A-49EC-A41B-A5113D47BDC1}.Debug|Any CPU.ActiveCfg = Debug|Any CPU
		{D31B3A19-002A-49EC-A41B-A5113D47BDC1}.Debug|Any CPU.Build.0 = Debug|Any CPU
		{D31B3A19-002A-49EC-A41B-A5113D47BDC1}.Release|Any CPU.ActiveCfg = Release|Any CPU
		{D31B3A19-002A-49EC-A41B-A5113D47BDC1}.Release|Any CPU.Build.0 = Release|Any CPU
		{5BA5F6D3-1DEF-482E-B2ED-EAADEFE6E6E6}.Debug|Any CPU.ActiveCfg = Debug|Any CPU
		{5BA5F6D3-1DEF-482E-B2ED-EAADEFE6E6E6}.Debug|Any CPU.Build.0 = Debug|Any CPU
		{5BA5F6D3-1DEF-482E-B2ED-EAADEFE6E6E6}.Release|Any CPU.ActiveCfg = Release|Any CPU
		{5BA5F6D3-1DEF-482E-B2ED-EAADEFE6E6E6}.Release|Any CPU.Build.0 = Release|Any CPU
		{0084A91C-86EB-437D-AD66-77447AB868A6}.Debug|Any CPU.ActiveCfg = Debug|Any CPU
		{0084A91C-86EB-437D-AD66-77447AB868A6}.Debug|Any CPU.Build.0 = Debug|Any CPU
		{0084A91C-86EB-437D-AD66-77447AB868A6}.Release|Any CPU.ActiveCfg = Release|Any CPU
		{0084A91C-86EB-437D-AD66-77447AB868A6}.Release|Any CPU.Build.0 = Release|Any CPU
		{674C37DB-6DB1-40D5-8092-DA6F2EDC5244}.Debug|Any CPU.ActiveCfg = Debug|Any CPU
		{674C37DB-6DB1-40D5-8092-DA6F2EDC5244}.Debug|Any CPU.Build.0 = Debug|Any CPU
		{674C37DB-6DB1-40D5-8092-DA6F2EDC5244}.Release|Any CPU.ActiveCfg = Release|Any CPU
		{674C37DB-6DB1-40D5-8092-DA6F2EDC5244}.Release|Any CPU.Build.0 = Release|Any CPU
		{4BC4939E-E2E3-4A49-A4EB-55D58539100D}.Debug|Any CPU.ActiveCfg = Debug|Any CPU
		{4BC4939E-E2E3-4A49-A4EB-55D58539100D}.Debug|Any CPU.Build.0 = Debug|Any CPU
		{4BC4939E-E2E3-4A49-A4EB-55D58539100D}.Release|Any CPU.ActiveCfg = Release|Any CPU
		{4BC4939E-E2E3-4A49-A4EB-55D58539100D}.Release|Any CPU.Build.0 = Release|Any CPU
		{EE9B79B4-669F-4357-8FFD-9B09CE2F537C}.Debug|Any CPU.ActiveCfg = Debug|Any CPU
		{EE9B79B4-669F-4357-8FFD-9B09CE2F537C}.Debug|Any CPU.Build.0 = Debug|Any CPU
		{EE9B79B4-669F-4357-8FFD-9B09CE2F537C}.Release|Any CPU.ActiveCfg = Release|Any CPU
		{EE9B79B4-669F-4357-8FFD-9B09CE2F537C}.Release|Any CPU.Build.0 = Release|Any CPU
		{5A118CD6-65BC-4A9A-86A5-FC7517C83247}.Debug|Any CPU.ActiveCfg = Debug|Any CPU
		{5A118CD6-65BC-4A9A-86A5-FC7517C83247}.Debug|Any CPU.Build.0 = Debug|Any CPU
		{5A118CD6-65BC-4A9A-86A5-FC7517C83247}.Release|Any CPU.ActiveCfg = Release|Any CPU
		{5A118CD6-65BC-4A9A-86A5-FC7517C83247}.Release|Any CPU.Build.0 = Release|Any CPU
	EndGlobalSection
	GlobalSection(SolutionProperties) = preSolution
		HideSolutionNode = FALSE
	EndGlobalSection
	GlobalSection(NestedProjects) = preSolution
		{B0AD288E-C588-4577-A58F-E0722112FB76} = {B5CC6988-75B7-4FC7-A2DA-425EEA6EEAA5}
		{C35990A3-9884-45EC-A4E1-EE10EA0A8CEA} = {B5CC6988-75B7-4FC7-A2DA-425EEA6EEAA5}
		{F1306C58-5C73-4147-8B46-C06B20750ABC} = {B5CC6988-75B7-4FC7-A2DA-425EEA6EEAA5}
		{AB9ECC39-1C3C-4A47-9616-4DF920BDF055} = {B5CC6988-75B7-4FC7-A2DA-425EEA6EEAA5}
		{D31B3A19-002A-49EC-A41B-A5113D47BDC1} = {5DD1DCDB-ADD4-4A4F-BC43-AA63AB93844F}
		{5BA5F6D3-1DEF-482E-B2ED-EAADEFE6E6E6} = {3C09528C-4725-462D-B04C-FAD34886723E}
		{0084A91C-86EB-437D-AD66-77447AB868A6} = {3C09528C-4725-462D-B04C-FAD34886723E}
		{674C37DB-6DB1-40D5-8092-DA6F2EDC5244} = {5EDA1AFF-26C7-4EAB-A722-13F00240BE55}
		{4BC4939E-E2E3-4A49-A4EB-55D58539100D} = {5EDA1AFF-26C7-4EAB-A722-13F00240BE55}
		{EE9B79B4-669F-4357-8FFD-9B09CE2F537C} = {3C09528C-4725-462D-B04C-FAD34886723E}
		{5A118CD6-65BC-4A9A-86A5-FC7517C83247} = {B5CC6988-75B7-4FC7-A2DA-425EEA6EEAA5}
	EndGlobalSection
	GlobalSection(ExtensibilityGlobals) = postSolution
		SolutionGuid = {8C6E57DD-21B9-47FB-A0E0-25091199B798}
	EndGlobalSection
EndGlobal
